<?xml version="1.0" encoding="utf-8"?>
<Project ToolsVersion="4.0" xmlns="http://schemas.microsoft.com/developer/msbuild/2003">
  <ItemGroup>
    <Filter Include="Source Files">
      <UniqueIdentifier>{4FC737F1-C7A5-4376-A066-2A32D752A2FF}</UniqueIdentifier>
      <Extensions>cpp;c;cc;cxx;def;odl;idl;hpj;bat;asm;asmx</Extensions>
    </Filter>
    <Filter Include="Header Files">
      <UniqueIdentifier>{93995380-89BD-4b04-88EB-625FBE52EBFB}</UniqueIdentifier>
      <Extensions>h;hh;hpp;hxx;hm;inl;inc;xsd</Extensions>
    </Filter>
    <Filter Include="Resource Files">
      <UniqueIdentifier>{67DA6AB6-F800-4c08-8B7A-83BB121AAD01}</UniqueIdentifier>
      <Extensions>rc;ico;cur;bmp;dlg;rc2;rct;bin;rgs;gif;jpg;jpeg;jpe;resx;tiff;tif;png;wav;mfcribbon-ms</Extensions>
    </Filter>
    <Filter Include="Header Files\Chapter1">
      <UniqueIdentifier>{9a8e7cc5-c984-4c39-96b3-c8976bdd3eef}</UniqueIdentifier>
    </Filter>
    <Filter Include="Source Files\Chapter1">
      <UniqueIdentifier>{a4f16bc5-46b8-4af8-887f-675cfe9198c0}</UniqueIdentifier>
    </Filter>
    <Filter Include="Header Files\Chapter2">
      <UniqueIdentifier>{e863e295-d174-43b8-9ec5-4485e3ceeeb6}</UniqueIdentifier>
    </Filter>
    <Filter Include="Source Files\Chapter2">
      <UniqueIdentifier>{3ee86b24-12c8-4032-ae62-1b68bd56599a}</UniqueIdentifier>
    </Filter>
  </ItemGroup>
  <ItemGroup>
    <ClInclude Include="src\Chapter1\chapter1_question1.h">
      <Filter>Header Files\Chapter1</Filter>
    </ClInclude>
    <ClInclude Include="src\Chapter1\chapter1_question2.h">
      <Filter>Header Files\Chapter1</Filter>
    </ClInclude>
    <ClInclude Include="src\Chapter1\chapter1_question3.h">
      <Filter>Header Files\Chapter1</Filter>
    </ClInclude>
    <ClInclude Include="src\Chapter1\chapter1_question4.h">
      <Filter>Header Files\Chapter1</Filter>
    </ClInclude>
    <ClInclude Include="src\Chapter1\chapter1_question5.h">
      <Filter>Header Files\Chapter1</Filter>
    </ClInclude>
    <ClInclude Include="src\Chapter1\chapter1_question6.h">
      <Filter>Header Files\Chapter1</Filter>
    </ClInclude>
    <ClInclude Include="src\Chapter1\chapter1_question7.h">
      <Filter>Header Files\Chapter1</Filter>
    </ClInclude>
    <ClInclude Include="src\class_template.h">
      <Filter>Header Files</Filter>
    </ClInclude>
    <ClInclude Include="src\Chapter2\node.h">
      <Filter>Header Files\Chapter2</Filter>
    </ClInclude>
    <ClInclude Include="src\Chapter2\chapter2_question1.h">
      <Filter>Header Files\Chapter2</Filter>
    </ClInclude>
  </ItemGroup>
  <ItemGroup>
    <ClCompile Include="src\Chapter1\chapter1_question1.cpp">
      <Filter>Source Files\Chapter1</Filter>
    </ClCompile>
    <ClCompile Include="src\Chapter1\chapter1_question2.cpp">
      <Filter>Source Files\Chapter1</Filter>
    </ClCompile>
    <ClCompile Include="src\Chapter1\chapter1_question3.cpp">
      <Filter>Source Files\Chapter1</Filter>
    </ClCompile>
    <ClCompile Include="src\Chapter1\chapter1_question4.cpp">
      <Filter>Source Files\Chapter1</Filter>
    </ClCompile>
    <ClCompile Include="src\Chapter1\chapter1_question5.cpp">
      <Filter>Source Files\Chapter1</Filter>
    </ClCompile>
    <ClCompile Include="src\Chapter1\chapter1_question6.cpp">
      <Filter>Source Files\Chapter1</Filter>
    </ClCompile>
    <ClCompile Include="src\main.cpp">
      <Filter>Source Files</Filter>
    </ClCompile>
    <ClCompile Include="src\Chapter1\chapter1_question7.cpp">
      <Filter>Source Files\Chapter1</Filter>
    </ClCompile>
    <ClCompile Include="src\class_template.cpp">
      <Filter>Source Files</Filter>
    </ClCompile>
    <ClCompile Include="src\Chapter2\node.cpp">
      <Filter>Source Files\Chapter2</Filter>
    </ClCompile>
    <ClCompile Include="src\Chapter2\chapter2_question1.cpp">
      <Filter>Source Files\Chapter2</Filter>
    </ClCompile>
  </ItemGroup>
</Project>