
Microsoft Visual Studio Solution File, Format Version 12.00
# Visual Studio 2013
VisualStudioVersion = 12.0.21005.1
MinimumVisualStudioVersion = 10.0.40219.1
Project("{8BC9CEB8-8B4A-11D0-8D11-00A0C91BC942}") = "Coding_Practice", "Coding_Practice.vcxproj", "{A2C53B78-767F-4E03-B4B3-64B6601B1944}"
EndProject
Global
	GlobalSection(SolutionConfigurationPlatforms) = preSolution
		Debug|Win32 = Debug|Win32
		Release|Win32 = Release|Win32
	EndGlobalSection
	GlobalSection(ProjectConfigurationPlatforms) = postSolution
		{A2C53B78-767F-4E03-B4B3-64B6601B1944}.Debug|Win32.ActiveCfg = Debug|Win32
		{A2C53B78-767F-4E03-B4B3-64B6601B1944}.Debug|Win32.Build.0 = Debug|Win32
		{A2C53B78-767F-4E03-B4B3-64B6601B1944}.Release|Win32.ActiveCfg = Release|Win32
		{A2C53B78-767F-4E03-B4B3-64B6601B1944}.Release|Win32.Build.0 = Release|Win32
	EndGlobalSection
	GlobalSection(SolutionProperties) = preSolution
		HideSolutionNode = FALSE
	EndGlobalSection
EndGlobal
